Microsoft Visual Studio Solution File, Format Version 12.00
# Visual Studio Version 17
VisualStudioVersion = 17.5.2.0
MinimumVisualStudioVersion = 10.0.40219.1
Project("{FAE04EC0-301F-11D3-BF4B-00C04F79EFBC}") = "BookRental", "BookRental.csproj", "{E8D003CB-212A-7F65-6EB3-78CAF7A0AA7E}"
EndProject
Global
	GlobalSection(SolutionConfigurationPlatforms) = preSolution
		Debug|Any CPU = Debug|Any CPU
		Release|Any CPU = Release|Any CPU
	EndGlobalSection
	GlobalSection(ProjectConfigurationPlatforms) = postSolution
		{E8D003CB-212A-7F65-6EB3-78CAF7A0AA7E}.Debug|Any CPU.ActiveCfg = Debug|Any CPU
		{E8D003CB-212A-7F65-6EB3-78CAF7A0AA7E}.Debug|Any CPU.Build.0 = Debug|Any CPU
		{E8D003CB-212A-7F65-6EB3-78CAF7A0AA7E}.Release|Any CPU.ActiveCfg = Release|Any CPU
		{E8D003CB-212A-7F65-6EB3-78CAF7A0AA7E}.Release|Any CPU.Build.0 = Release|Any CPU
	EndGlobalSection
	GlobalSection(SolutionProperties) = preSolution
		HideSolutionNode = FALSE
	EndGlobalSection
	GlobalSection(ExtensibilityGlobals) = postSolution
		SolutionGuid = {16EF2FA7-FE1E-4922-A585-86C5F41FC799}
	EndGlobalSection
EndGlobal
